
Microsoft Visual Studio Solution File, Format Version 12.00
# Visual Studio Version 16
VisualStudioVersion = 16.0.31229.75
MinimumVisualStudioVersion = 10.0.40219.1
Project("{FAE04EC0-301F-11D3-BF4B-00C04F79EFBC}") = "PAGINAWEB", "PAGINAWEB\PAGINAWEB.csproj", "{DB5A6DED-1498-460B-A124-25F2E32DD0C5}"
EndProject
Global
	GlobalSection(SolutionConfigurationPlatforms) = preSolution
		Debug|Any CPU = Debug|Any CPU
		Release|Any CPU = Release|Any CPU
	EndGlobalSection
	GlobalSection(ProjectConfigurationPlatforms) = postSolution
		{DB5A6DED-1498-460B-A124-25F2E32DD0C5}.Debug|Any CPU.ActiveCfg = Debug|Any CPU
		{DB5A6DED-1498-460B-A124-25F2E32DD0C5}.Debug|Any CPU.Build.0 = Debug|Any CPU
		{DB5A6DED-1498-460B-A124-25F2E32DD0C5}.Release|Any CPU.ActiveCfg = Release|Any CPU
		{DB5A6DED-1498-460B-A124-25F2E32DD0C5}.Release|Any CPU.Build.0 = Release|Any CPU
	EndGlobalSection
	GlobalSection(SolutionProperties) = preSolution
		HideSolutionNode = FALSE
	EndGlobalSection
	GlobalSection(ExtensibilityGlobals) = postSolution
		SolutionGuid = {68869403-3714-49BD-BB3F-E36805603E84}
	EndGlobalSection
EndGlobal
